// !$*UTF8*$!
{
	archiveVersion = 1;
	classes = {
	};
	objectVersion = 46;
	objects = {

/* Begin PBXBuildFile section */
		790109111CC79D0500BF6F99 /* JLKSportRankListViewController.m in Sources */ = {isa = PBXBuildFile; fileRef = 790109101CC79D0500BF6F99 /* JLKSportRankListViewController.m */; };
		790109151CC7A23100BF6F99 /* JLKRankCell.m in Sources */ = {isa = PBXBuildFile; fileRef = 790109131CC7A23100BF6F99 /* JLKRankCell.m */; };
		790109191CC7A47700BF6F99 /* JLKRankModel.m in Sources */ = {isa = PBXBuildFile; fileRef = 790109181CC7A47700BF6F99 /* JLKRankModel.m */; };
		79B7EB6E1CC72EC60065487A /* YGCategoryModel.m in Sources */ = {isa = PBXBuildFile; fileRef = 79B7EB5A1CC72EC60065487A /* YGCategoryModel.m */; };
		79B7EB6F1CC72EC60065487A /* YGJobTableModel.m in Sources */ = {isa = PBXBuildFile; fileRef = 79B7EB5C1CC72EC60065487A /* YGJobTableModel.m */; };
		79B7EB701CC72EC60065487A /* SQJobViewController.m in Sources */ = {isa = PBXBuildFile; fileRef = 79B7EB5F1CC72EC60065487A /* SQJobViewController.m */; };
		79B7EB711CC72EC60065487A /* SQJobViewController.xib in Resources */ = {isa = PBXBuildFile; fileRef = 79B7EB601CC72EC60065487A /* SQJobViewController.xib */; };
		79B7EB721CC72EC60065487A /* YGJobDetailViewController.m in Sources */ = {isa = PBXBuildFile; fileRef = 79B7EB621CC72EC60065487A /* YGJobDetailViewController.m */; };
		79B7EB731CC72EC60065487A /* YGJobDetailViewController.xib in Resources */ = {isa = PBXBuildFile; fileRef = 79B7EB631CC72EC60065487A /* YGJobDetailViewController.xib */; };
		79B7EB741CC72EC60065487A /* YGCategoryTableViewCell.m in Sources */ = {isa = PBXBuildFile; fileRef = 79B7EB661CC72EC60065487A /* YGCategoryTableViewCell.m */; };
		79B7EB751CC72EC60065487A /* YGCategoryTableViewCell.xib in Resources */ = {isa = PBXBuildFile; fileRef = 79B7EB671CC72EC60065487A /* YGCategoryTableViewCell.xib */; };
		79B7EB761CC72EC60065487A /* YGJobDetailHeaderView.m in Sources */ = {isa = PBXBuildFile; fileRef = 79B7EB691CC72EC60065487A /* YGJobDetailHeaderView.m */; };
		79B7EB771CC72EC60065487A /* YGJobDetailHeaderView.xib in Resources */ = {isa = PBXBuildFile; fileRef = 79B7EB6A1CC72EC60065487A /* YGJobDetailHeaderView.xib */; };
		79B7EB781CC72EC60065487A /* YGJobTableViewCell.m in Sources */ = {isa = PBXBuildFile; fileRef = 79B7EB6C1CC72EC60065487A /* YGJobTableViewCell.m */; };
		79B7EB791CC72EC60065487A /* YGJobTableViewCell.xib in Resources */ = {isa = PBXBuildFile; fileRef = 79B7EB6D1CC72EC60065487A /* YGJobTableViewCell.xib */; };
		79D5F5EB1CC631650086B56F /* JLKPedometer.m in Sources */ = {isa = PBXBuildFile; fileRef = 79D5F5EA1CC631650086B56F /* JLKPedometer.m */; };
		79D5F5F41CC681220086B56F /* SQTopWindow.m in Sources */ = {isa = PBXBuildFile; fileRef = 79D5F5F31CC681220086B56F /* SQTopWindow.m */; };
		79D5F61F1CC6816A0086B56F /* SQComment.m in Sources */ = {isa = PBXBuildFile; fileRef = 79D5F5F81CC6816A0086B56F /* SQComment.m */; };
		79D5F6201CC6816A0086B56F /* SQTopic.m in Sources */ = {isa = PBXBuildFile; fileRef = 79D5F5FA1CC6816A0086B56F /* SQTopic.m */; };
		79D5F6211CC6816A0086B56F /* SQUser.m in Sources */ = {isa = PBXBuildFile; fileRef = 79D5F5FC1CC6816A0086B56F /* SQUser.m */; };
		79D5F6221CC6816A0086B56F /* SQCommentViewController.m in Sources */ = {isa = PBXBuildFile; fileRef = 79D5F5FF1CC6816A0086B56F /* SQCommentViewController.m */; };
		79D5F6231CC6816A0086B56F /* SQCommentViewController.xib in Resources */ = {isa = PBXBuildFile; fileRef = 79D5F6001CC6816A0086B56F /* SQCommentViewController.xib */; };
		79D5F6241CC6816A0086B56F /* SQHomeMenuViewController.m in Sources */ = {isa = PBXBuildFile; fileRef = 79D5F6021CC6816A0086B56F /* SQHomeMenuViewController.m */; };
		79D5F6251CC6816A0086B56F /* SQHomeViewController.m in Sources */ = {isa = PBXBuildFile; fileRef = 79D5F6041CC6816A0086B56F /* SQHomeViewController.m */; };
		79D5F6261CC6816A0086B56F /* SQShowPictureViewController.m in Sources */ = {isa = PBXBuildFile; fileRef = 79D5F6061CC6816A0086B56F /* SQShowPictureViewController.m */; };
		79D5F6271CC6816A0086B56F /* SQShowPictureViewController.xib in Resources */ = {isa = PBXBuildFile; fileRef = 79D5F6071CC6816A0086B56F /* SQShowPictureViewController.xib */; };
		79D5F6281CC6816A0086B56F /* SQTopicTableViewController.m in Sources */ = {isa = PBXBuildFile; fileRef = 79D5F6091CC6816A0086B56F /* SQTopicTableViewController.m */; };
		79D5F6291CC6816A0086B56F /* SQCommentHeaderView.m in Sources */ = {isa = PBXBuildFile; fileRef = 79D5F60C1CC6816A0086B56F /* SQCommentHeaderView.m */; };
		79D5F62A1CC6816A0086B56F /* SQDropdownView.m in Sources */ = {isa = PBXBuildFile; fileRef = 79D5F60E1CC6816A0086B56F /* SQDropdownView.m */; };
		79D5F62B1CC6816A0086B56F /* SQHomeTitleButton.m in Sources */ = {isa = PBXBuildFile; fileRef = 79D5F6101CC6816A0086B56F /* SQHomeTitleButton.m */; };
		79D5F62C1CC6816A0086B56F /* SQProgressView.m in Sources */ = {isa = PBXBuildFile; fileRef = 79D5F6121CC6816A0086B56F /* SQProgressView.m */; };
		79D5F62D1CC6816A0086B56F /* SQTopicCell.m in Sources */ = {isa = PBXBuildFile; fileRef = 79D5F6141CC6816A0086B56F /* SQTopicCell.m */; };
		79D5F62E1CC6816A0086B56F /* SQTopicCell.xib in Resources */ = {isa = PBXBuildFile; fileRef = 79D5F6151CC6816A0086B56F /* SQTopicCell.xib */; };
		79D5F62F1CC6816A0086B56F /* SQTopicPictureView.m in Sources */ = {isa = PBXBuildFile; fileRef = 79D5F6171CC6816A0086B56F /* SQTopicPictureView.m */; };
		79D5F6301CC6816A0086B56F /* SQTopicPictureView.xib in Resources */ = {isa = PBXBuildFile; fileRef = 79D5F6181CC6816A0086B56F /* SQTopicPictureView.xib */; };
		79D5F6311CC6816A0086B56F /* SQTopicVideoView.m in Sources */ = {isa = PBXBuildFile; fileRef = 79D5F61A1CC6816A0086B56F /* SQTopicVideoView.m */; };
		79D5F6321CC6816A0086B56F /* SQTopicVideoView.xib in Resources */ = {isa = PBXBuildFile; fileRef = 79D5F61B1CC6816A0086B56F /* SQTopicVideoView.xib */; };
		79D5F6331CC6816A0086B56F /* SQTopicVoiceView.m in Sources */ = {isa = PBXBuildFile; fileRef = 79D5F61D1CC6816A0086B56F /* SQTopicVoiceView.m */; };
		79D5F6341CC6816A0086B56F /* SQTopicVoiceView.xib in Resources */ = {isa = PBXBuildFile; fileRef = 79D5F61E1CC6816A0086B56F /* SQTopicVoiceView.xib */; };
		79D5F6441CC6855C0086B56F /* JLKSportModel.m in Sources */ = {isa = PBXBuildFile; fileRef = 79D5F6381CC6855C0086B56F /* JLKSportModel.m */; };
		79D5F6451CC6855C0086B56F /* JLKSportDetailViewController.m in Sources */ = {isa = PBXBuildFile; fileRef = 79D5F63B1CC6855C0086B56F /* JLKSportDetailViewController.m */; };
		79D5F6461CC6855C0086B56F /* JLKSportViewController.m in Sources */ = {isa = PBXBuildFile; fileRef = 79D5F63D1CC6855C0086B56F /* JLKSportViewController.m */; };
		79D5F6471CC6855C0086B56F /* SQSportViewController.m in Sources */ = {isa = PBXBuildFile; fileRef = 79D5F63F1CC6855C0086B56F /* SQSportViewController.m */; };
		79D5F6481CC6855C0086B56F /* SQSportCell.m in Sources */ = {isa = PBXBuildFile; fileRef = 79D5F6421CC6855C0086B56F /* SQSportCell.m */; };
		79D5F6491CC6855C0086B56F /* SQSportCell.xib in Resources */ = {isa = PBXBuildFile; fileRef = 79D5F6431CC6855C0086B56F /* SQSportCell.xib */; };
		925B68AE1CC75686000F8A33 /* YGJobCommitCell.m in Sources */ = {isa = PBXBuildFile; fileRef = 925B68AC1CC75686000F8A33 /* YGJobCommitCell.m */; };
		925B68AF1CC75686000F8A33 /* YGJobCommitCell.xib in Resources */ = {isa = PBXBuildFile; fileRef = 925B68AD1CC75686000F8A33 /* YGJobCommitCell.xib */; };
		B1178EC81CA44EA500F0D799 /* Assets.xcassets in Resources */ = {isa = PBXBuildFile; fileRef = B1178EC71CA44EA500F0D799 /* Assets.xcassets */; };
		B1178ECB1CA44EA500F0D799 /* LaunchScreen.storyboard in Resources */ = {isa = PBXBuildFile; fileRef = B1178EC91CA44EA500F0D799 /* LaunchScreen.storyboard */; };
		B1178ED61CA44EA500F0D799 /* LYZSJCTests.m in Sources */ = {isa = PBXBuildFile; fileRef = B1178ED51CA44EA500F0D799 /* LYZSJCTests.m */; };
		B1178EE11CA44EA500F0D799 /* LYZSJCUITests.m in Sources */ = {isa = PBXBuildFile; fileRef = B1178EE01CA44EA500F0D799 /* LYZSJCUITests.m */; };
		B1453C3B1CBFDAEF00207EE4 /* AppDelegate.m in Sources */ = {isa = PBXBuildFile; fileRef = B1453C321CBFDAEF00207EE4 /* AppDelegate.m */; };
		B1453C3C1CBFDAEF00207EE4 /* main.m in Sources */ = {isa = PBXBuildFile; fileRef = B1453C331CBFDAEF00207EE4 /* main.m */; };
		B1453C401CBFDE7800207EE4 /* SQTabBarController.m in Sources */ = {isa = PBXBuildFile; fileRef = B1453C3F1CBFDE7800207EE4 /* SQTabBarController.m */; };
		B1453C561CBFDF1E00207EE4 /* SQMeViewController.m in Sources */ = {isa = PBXBuildFile; fileRef = B1453C541CBFDF1E00207EE4 /* SQMeViewController.m */; };
		B1453C571CBFDF1E00207EE4 /* SQMeViewController.xib in Resources */ = {isa = PBXBuildFile; fileRef = B1453C551CBFDF1E00207EE4 /* SQMeViewController.xib */; };
		B1453C5A1CBFE1B700207EE4 /* SQNavigationController.m in Sources */ = {isa = PBXBuildFile; fileRef = B1453C591CBFE1B700207EE4 /* SQNavigationController.m */; };
		B1453C5D1CC076F300207EE4 /* SQTabBar.m in Sources */ = {isa = PBXBuildFile; fileRef = B1453C5C1CC076F300207EE4 /* SQTabBar.m */; };
		B1453C611CC07BD100207EE4 /* UIView+SQCustom.m in Sources */ = {isa = PBXBuildFile; fileRef = B1453C601CC07BD100207EE4 /* UIView+SQCustom.m */; };
		B1453C631CC0BF9D00207EE4 /* Foundation+Log.m in Sources */ = {isa = PBXBuildFile; fileRef = B1453C621CC0BF9D00207EE4 /* Foundation+Log.m */; };
		B1453C661CC0C06500207EE4 /* UIBarButtonItem+SQCustom.m in Sources */ = {isa = PBXBuildFile; fileRef = B1453C651CC0C06500207EE4 /* UIBarButtonItem+SQCustom.m */; };
		B15FC3F81CC756100093516E /* SQCommentCell.m in Sources */ = {isa = PBXBuildFile; fileRef = B15FC3F61CC756100093516E /* SQCommentCell.m */; };
		B15FC3F91CC756100093516E /* SQCommentCell.xib in Resources */ = {isa = PBXBuildFile; fileRef = B15FC3F71CC756100093516E /* SQCommentCell.xib */; };
		B15FC3FC1CC757240093516E /* UIImageView+SQCustom.m in Sources */ = {isa = PBXBuildFile; fileRef = B15FC3FB1CC757240093516E /* UIImageView+SQCustom.m */; };
		B15FC3FF1CC757990093516E /* UIImage+SQCustom.m in Sources */ = {isa = PBXBuildFile; fileRef = B15FC3FE1CC757990093516E /* UIImage+SQCustom.m */; };
		B196BF1D1CC4E1340097A56F /* SQAddViewController.m in Sources */ = {isa = PBXBuildFile; fileRef = B196BF191CC4E1340097A56F /* SQAddViewController.m */; };
		B196BF1E1CC4E1340097A56F /* SQAddView.m in Sources */ = {isa = PBXBuildFile; fileRef = B196BF1C1CC4E1340097A56F /* SQAddView.m */; };
		B196BF241CC517AF0097A56F /* NSDate+SQCustom.m in Sources */ = {isa = PBXBuildFile; fileRef = B196BF231CC517AF0097A56F /* NSDate+SQCustom.m */; };
		B1B10C081CC4C596003B45EF /* SQConst.m in Sources */ = {isa = PBXBuildFile; fileRef = B1B10C071CC4C596003B45EF /* SQConst.m */; };
		D6F7BD55CB5EFD8AFED3FCDE /* libPods-LYZSJC.a in Frameworks */ = {isa = PBXBuildFile; fileRef = 2B76B8353D53D25BE8C3F186 /* libPods-LYZSJC.a */; };
/* End PBXBuildFile section */

/* Begin PBXContainerItemProxy section */
		B1178ED21CA44EA500F0D799 /* PBXContainerItemProxy */ = {
			isa = PBXContainerItemProxy;
			containerPortal = B1178EB01CA44EA400F0D799 /* Project object */;
			proxyType = 1;
			remoteGlobalIDString = B1178EB71CA44EA400F0D799;
			remoteInfo = LYZSJC;
		};
		B1178EDD1CA44EA500F0D799 /* PBXContainerItemProxy */ = {
			isa = PBXContainerItemProxy;
			containerPortal = B1178EB01CA44EA400F0D799 /* Project object */;
			proxyType = 1;
			remoteGlobalIDString = B1178EB71CA44EA400F0D799;
			remoteInfo = LYZSJC;
		};
/* End PBXContainerItemProxy section */

/* Begin PBXFileReference section */
		2B76B8353D53D25BE8C3F186 /* libPods-LYZSJC.a */ = {isa = PBXFileReference; explicitFileType = archive.ar; includeInIndex = 0; path = "libPods-LYZSJC.a"; sourceTree = BUILT_PRODUCTS_DIR; };
		7901090F1CC79D0500BF6F99 /* JLKSportRankListViewController.h */ = {isa = PBXFileReference; fileEncoding = 4; lastKnownFileType = sourcecode.c.h; path = JLKSportRankListViewController.h; sourceTree = "<group>"; };
		790109101CC79D0500BF6F99 /* JLKSportRankListViewController.m */ = {isa = PBXFileReference; fileEncoding = 4; lastKnownFileType = sourcecode.c.objc; path = JLKSportRankListViewController.m; sourceTree = "<group>"; };
		790109121CC7A23100BF6F99 /* JLKRankCell.h */ = {isa = PBXFileReference; fileEncoding = 4; lastKnownFileType = sourcecode.c.h; path = JLKRankCell.h; sourceTree = "<group>"; };
		790109131CC7A23100BF6F99 /* JLKRankCell.m */ = {isa = PBXFileReference; fileEncoding = 4; lastKnownFileType = sourcecode.c.objc; path = JLKRankCell.m; sourceTree = "<group>"; };
		790109171CC7A47700BF6F99 /* JLKRankModel.h */ = {isa = PBXFileReference; fileEncoding = 4; lastKnownFileType = sourcecode.c.h; path = JLKRankModel.h; sourceTree = "<group>"; };
		790109181CC7A47700BF6F99 /* JLKRankModel.m */ = {isa = PBXFileReference; fileEncoding = 4; lastKnownFileType = sourcecode.c.objc; path = JLKRankModel.m; sourceTree = "<group>"; };
		79B7EB591CC72EC60065487A /* YGCategoryModel.h */ = {isa = PBXFileReference; fileEncoding = 4; lastKnownFileType = sourcecode.c.h; path = YGCategoryModel.h; sourceTree = "<group>"; };
		79B7EB5A1CC72EC60065487A /* YGCategoryModel.m */ = {isa = PBXFileReference; fileEncoding = 4; lastKnownFileType = sourcecode.c.objc; path = YGCategoryModel.m; sourceTree = "<group>"; };
		79B7EB5B1CC72EC60065487A /* YGJobTableModel.h */ = {isa = PBXFileReference; fileEncoding = 4; lastKnownFileType = sourcecode.c.h; path = YGJobTableModel.h; sourceTree = "<group>"; };
		79B7EB5C1CC72EC60065487A /* YGJobTableModel.m */ = {isa = PBXFileReference; fileEncoding = 4; lastKnownFileType = sourcecode.c.objc; path = YGJobTableModel.m; sourceTree = "<group>"; };
		79B7EB5E1CC72EC60065487A /* SQJobViewController.h */ = {isa = PBXFileReference; fileEncoding = 4; lastKnownFileType = sourcecode.c.h; path = SQJobViewController.h; sourceTree = "<group>"; };
		79B7EB5F1CC72EC60065487A /* SQJobViewController.m */ = {isa = PBXFileReference; fileEncoding = 4; lastKnownFileType = sourcecode.c.objc; path = SQJobViewController.m; sourceTree = "<group>"; };
		79B7EB601CC72EC60065487A /* SQJobViewController.xib */ = {isa = PBXFileReference; fileEncoding = 4; lastKnownFileType = file.xib; path = SQJobViewController.xib; sourceTree = "<group>"; };
		79B7EB611CC72EC60065487A /* YGJobDetailViewController.h */ = {isa = PBXFileReference; fileEncoding = 4; lastKnownFileType = sourcecode.c.h; path = YGJobDetailViewController.h; sourceTree = "<group>"; };
		79B7EB621CC72EC60065487A /* YGJobDetailViewController.m */ = {isa = PBXFileReference; fileEncoding = 4; lastKnownFileType = sourcecode.c.objc; path = YGJobDetailViewController.m; sourceTree = "<group>"; };
		79B7EB631CC72EC60065487A /* YGJobDetailViewController.xib */ = {isa = PBXFileReference; fileEncoding = 4; lastKnownFileType = file.xib; path = YGJobDetailViewController.xib; sourceTree = "<group>"; };
		79B7EB651CC72EC60065487A /* YGCategoryTableViewCell.h */ = {isa = PBXFileReference; fileEncoding = 4; lastKnownFileType = sourcecode.c.h; path = YGCategoryTableViewCell.h; sourceTree = "<group>"; };
		79B7EB661CC72EC60065487A /* YGCategoryTableViewCell.m */ = {isa = PBXFileReference; fileEncoding = 4; lastKnownFileType = sourcecode.c.objc; path = YGCategoryTableViewCell.m; sourceTree = "<group>"; };
		79B7EB671CC72EC60065487A /* YGCategoryTableViewCell.xib */ = {isa = PBXFileReference; fileEncoding = 4; lastKnownFileType = file.xib; path = YGCategoryTableViewCell.xib; sourceTree = "<group>"; };
		79B7EB681CC72EC60065487A /* YGJobDetailHeaderView.h */ = {isa = PBXFileReference; fileEncoding = 4; lastKnownFileType = sourcecode.c.h; path = YGJobDetailHeaderView.h; sourceTree = "<group>"; };
		79B7EB691CC72EC60065487A /* YGJobDetailHeaderView.m */ = {isa = PBXFileReference; fileEncoding = 4; lastKnownFileType = sourcecode.c.objc; path = YGJobDetailHeaderView.m; sourceTree = "<group>"; };
		79B7EB6A1CC72EC60065487A /* YGJobDetailHeaderView.xib */ = {isa = PBXFileReference; fileEncoding = 4; lastKnownFileType = file.xib; path = YGJobDetailHeaderView.xib; sourceTree = "<group>"; };
		79B7EB6B1CC72EC60065487A /* YGJobTableViewCell.h */ = {isa = PBXFileReference; fileEncoding = 4; lastKnownFileType = sourcecode.c.h; path = YGJobTableViewCell.h; sourceTree = "<group>"; };
		79B7EB6C1CC72EC60065487A /* YGJobTableViewCell.m */ = {isa = PBXFileReference; fileEncoding = 4; lastKnownFileType = sourcecode.c.objc; path = YGJobTableViewCell.m; sourceTree = "<group>"; };
		79B7EB6D1CC72EC60065487A /* YGJobTableViewCell.xib */ = {isa = PBXFileReference; fileEncoding = 4; lastKnownFileType = file.xib; path = YGJobTableViewCell.xib; sourceTree = "<group>"; };
		79D5F5E91CC631650086B56F /* JLKPedometer.h */ = {isa = PBXFileReference; fileEncoding = 4; lastKnownFileType = sourcecode.c.h; path = JLKPedometer.h; sourceTree = "<group>"; };
		79D5F5EA1CC631650086B56F /* JLKPedometer.m */ = {isa = PBXFileReference; fileEncoding = 4; lastKnownFileType = sourcecode.c.objc; path = JLKPedometer.m; sourceTree = "<group>"; };
		79D5F5F21CC681220086B56F /* SQTopWindow.h */ = {isa = PBXFileReference; fileEncoding = 4; lastKnownFileType = sourcecode.c.h; path = SQTopWindow.h; sourceTree = "<group>"; };
		79D5F5F31CC681220086B56F /* SQTopWindow.m */ = {isa = PBXFileReference; fileEncoding = 4; lastKnownFileType = sourcecode.c.objc; path = SQTopWindow.m; sourceTree = "<group>"; };
		79D5F5F71CC6816A0086B56F /* SQComment.h */ = {isa = PBXFileReference; fileEncoding = 4; lastKnownFileType = sourcecode.c.h; path = SQComment.h; sourceTree = "<group>"; };
		79D5F5F81CC6816A0086B56F /* SQComment.m */ = {isa = PBXFileReference; fileEncoding = 4; lastKnownFileType = sourcecode.c.objc; path = SQComment.m; sourceTree = "<group>"; };
		79D5F5F91CC6816A0086B56F /* SQTopic.h */ = {isa = PBXFileReference; fileEncoding = 4; lastKnownFileType = sourcecode.c.h; path = SQTopic.h; sourceTree = "<group>"; };
		79D5F5FA1CC6816A0086B56F /* SQTopic.m */ = {isa = PBXFileReference; fileEncoding = 4; lastKnownFileType = sourcecode.c.objc; path = SQTopic.m; sourceTree = "<group>"; };
		79D5F5FB1CC6816A0086B56F /* SQUser.h */ = {isa = PBXFileReference; fileEncoding = 4; lastKnownFileType = sourcecode.c.h; path = SQUser.h; sourceTree = "<group>"; };
		79D5F5FC1CC6816A0086B56F /* SQUser.m */ = {isa = PBXFileReference; fileEncoding = 4; lastKnownFileType = sourcecode.c.objc; path = SQUser.m; sourceTree = "<group>"; };
		79D5F5FE1CC6816A0086B56F /* SQCommentViewController.h */ = {isa = PBXFileReference; fileEncoding = 4; lastKnownFileType = sourcecode.c.h; path = SQCommentViewController.h; sourceTree = "<group>"; };
		79D5F5FF1CC6816A0086B56F /* SQCommentViewController.m */ = {isa = PBXFileReference; fileEncoding = 4; lastKnownFileType = sourcecode.c.objc; path = SQCommentViewController.m; sourceTree = "<group>"; };
		79D5F6001CC6816A0086B56F /* SQCommentViewController.xib */ = {isa = PBXFileReference; fileEncoding = 4; lastKnownFileType = file.xib; path = SQCommentViewController.xib; sourceTree = "<group>"; };
		79D5F6011CC6816A0086B56F /* SQHomeMenuViewController.h */ = {isa = PBXFileReference; fileEncoding = 4; lastKnownFileType = sourcecode.c.h; path = SQHomeMenuViewController.h; sourceTree = "<group>"; };
		79D5F6021CC6816A0086B56F /* SQHomeMenuViewController.m */ = {isa = PBXFileReference; fileEncoding = 4; lastKnownFileType = sourcecode.c.objc; path = SQHomeMenuViewController.m; sourceTree = "<group>"; };
		79D5F6031CC6816A0086B56F /* SQHomeViewController.h */ = {isa = PBXFileReference; fileEncoding = 4; lastKnownFileType = sourcecode.c.h; path = SQHomeViewController.h; sourceTree = "<group>"; };
		79D5F6041CC6816A0086B56F /* SQHomeViewController.m */ = {isa = PBXFileReference; fileEncoding = 4; lastKnownFileType = sourcecode.c.objc; path = SQHomeViewController.m; sourceTree = "<group>"; };
		79D5F6051CC6816A0086B56F /* SQShowPictureViewController.h */ = {isa = PBXFileReference; fileEncoding = 4; lastKnownFileType = sourcecode.c.h; path = SQShowPictureViewController.h; sourceTree = "<group>"; };
		79D5F6061CC6816A0086B56F /* SQShowPictureViewController.m */ = {isa = PBXFileReference; fileEncoding = 4; lastKnownFileType = sourcecode.c.objc; path = SQShowPictureViewController.m; sourceTree = "<group>"; };
		79D5F6071CC6816A0086B56F /* SQShowPictureViewController.xib */ = {isa = PBXFileReference; fileEncoding = 4; lastKnownFileType = file.xib; path = SQShowPictureViewController.xib; sourceTree = "<group>"; };
		79D5F6081CC6816A0086B56F /* SQTopicTableViewController.h */ = {isa = PBXFileReference; fileEncoding = 4; lastKnownFileType = sourcecode.c.h; path = SQTopicTableViewController.h; sourceTree = "<group>"; };
		79D5F6091CC6816A0086B56F /* SQTopicTableViewController.m */ = {isa = PBXFileReference; fileEncoding = 4; lastKnownFileType = sourcecode.c.objc; path = SQTopicTableViewController.m; sourceTree = "<group>"; };
		79D5F60B1CC6816A0086B56F /* SQCommentHeaderView.h */ = {isa = PBXFileReference; fileEncoding = 4; lastKnownFileType = sourcecode.c.h; path = SQCommentHeaderView.h; sourceTree = "<group>"; };
		79D5F60C1CC6816A0086B56F /* SQCommentHeaderView.m */ = {isa = PBXFileReference; fileEncoding = 4; lastKnownFileType = sourcecode.c.objc; path = SQCommentHeaderView.m; sourceTree = "<group>"; };
		79D5F60D1CC6816A0086B56F /* SQDropdownView.h */ = {isa = PBXFileReference; fileEncoding = 4; lastKnownFileType = sourcecode.c.h; path = SQDropdownView.h; sourceTree = "<group>"; };
		79D5F60E1CC6816A0086B56F /* SQDropdownView.m */ = {isa = PBXFileReference; fileEncoding = 4; lastKnownFileType = sourcecode.c.objc; path = SQDropdownView.m; sourceTree = "<group>"; };
		79D5F60F1CC6816A0086B56F /* SQHomeTitleButton.h */ = {isa = PBXFileReference; fileEncoding = 4; lastKnownFileType = sourcecode.c.h; path = SQHomeTitleButton.h; sourceTree = "<group>"; };
		79D5F6101CC6816A0086B56F /* SQHomeTitleButton.m */ = {isa = PBXFileReference; fileEncoding = 4; lastKnownFileType = sourcecode.c.objc; path = SQHomeTitleButton.m; sourceTree = "<group>"; };
		79D5F6111CC6816A0086B56F /* SQProgressView.h */ = {isa = PBXFileReference; fileEncoding = 4; lastKnownFileType = sourcecode.c.h; path = SQProgressView.h; sourceTree = "<group>"; };
		79D5F6121CC6816A0086B56F /* SQProgressView.m */ = {isa = PBXFileReference; fileEncoding = 4; lastKnownFileType = sourcecode.c.objc; path = SQProgressView.m; sourceTree = "<group>"; };
		79D5F6131CC6816A0086B56F /* SQTopicCell.h */ = {isa = PBXFileReference; fileEncoding = 4; lastKnownFileType = sourcecode.c.h; path = SQTopicCell.h; sourceTree = "<group>"; };
		79D5F6141CC6816A0086B56F /* SQTopicCell.m */ = {isa = PBXFileReference; fileEncoding = 4; lastKnownFileType = sourcecode.c.objc; path = SQTopicCell.m; sourceTree = "<group>"; };
		79D5F6151CC6816A0086B56F /* SQTopicCell.xib */ = {isa = PBXFileReference; fileEncoding = 4; lastKnownFileType = file.xib; path = SQTopicCell.xib; sourceTree = "<group>"; };
		79D5F6161CC6816A0086B56F /* SQTopicPictureView.h */ = {isa = PBXFileReference; fileEncoding = 4; lastKnownFileType = sourcecode.c.h; path = SQTopicPictureView.h; sourceTree = "<group>"; };
		79D5F6171CC6816A0086B56F /* SQTopicPictureView.m */ = {isa = PBXFileReference; fileEncoding = 4; lastKnownFileType = sourcecode.c.objc; path = SQTopicPictureView.m; sourceTree = "<group>"; };
		79D5F6181CC6816A0086B56F /* SQTopicPictureView.xib */ = {isa = PBXFileReference; fileEncoding = 4; lastKnownFileType = file.xib; path = SQTopicPictureView.xib; sourceTree = "<group>"; };
		79D5F6191CC6816A0086B56F /* SQTopicVideoView.h */ = {isa = PBXFileReference; fileEncoding = 4; lastKnownFileType = sourcecode.c.h; path = SQTopicVideoView.h; sourceTree = "<group>"; };
		79D5F61A1CC6816A0086B56F /* SQTopicVideoView.m */ = {isa = PBXFileReference; fileEncoding = 4; lastKnownFileType = sourcecode.c.objc; path = SQTopicVideoView.m; sourceTree = "<group>"; };
		79D5F61B1CC6816A0086B56F /* SQTopicVideoView.xib */ = {isa = PBXFileReference; fileEncoding = 4; lastKnownFileType = file.xib; path = SQTopicVideoView.xib; sourceTree = "<group>"; };
		79D5F61C1CC6816A0086B56F /* SQTopicVoiceView.h */ = {isa = PBXFileReference; fileEncoding = 4; lastKnownFileType = sourcecode.c.h; path = SQTopicVoiceView.h; sourceTree = "<group>"; };
		79D5F61D1CC6816A0086B56F /* SQTopicVoiceView.m */ = {isa = PBXFileReference; fileEncoding = 4; lastKnownFileType = sourcecode.c.objc; path = SQTopicVoiceView.m; sourceTree = "<group>"; };
		79D5F61E1CC6816A0086B56F /* SQTopicVoiceView.xib */ = {isa = PBXFileReference; fileEncoding = 4; lastKnownFileType = file.xib; path = SQTopicVoiceView.xib; sourceTree = "<group>"; };
		79D5F6371CC6855C0086B56F /* JLKSportModel.h */ = {isa = PBXFileReference; fileEncoding = 4; lastKnownFileType = sourcecode.c.h; path = JLKSportModel.h; sourceTree = "<group>"; };
		79D5F6381CC6855C0086B56F /* JLKSportModel.m */ = {isa = PBXFileReference; fileEncoding = 4; lastKnownFileType = sourcecode.c.objc; path = JLKSportModel.m; sourceTree = "<group>"; };
		79D5F63A1CC6855C0086B56F /* JLKSportDetailViewController.h */ = {isa = PBXFileReference; fileEncoding = 4; lastKnownFileType = sourcecode.c.h; path = JLKSportDetailViewController.h; sourceTree = "<group>"; };
		79D5F63B1CC6855C0086B56F /* JLKSportDetailViewController.m */ = {isa = PBXFileReference; fileEncoding = 4; lastKnownFileType = sourcecode.c.objc; path = JLKSportDetailViewController.m; sourceTree = "<group>"; };
		79D5F63C1CC6855C0086B56F /* JLKSportViewController.h */ = {isa = PBXFileReference; fileEncoding = 4; lastKnownFileType = sourcecode.c.h; path = JLKSportViewController.h; sourceTree = "<group>"; };
		79D5F63D1CC6855C0086B56F /* JLKSportViewController.m */ = {isa = PBXFileReference; fileEncoding = 4; lastKnownFileType = sourcecode.c.objc; path = JLKSportViewController.m; sourceTree = "<group>"; };
		79D5F63E1CC6855C0086B56F /* SQSportViewController.h */ = {isa = PBXFileReference; fileEncoding = 4; lastKnownFileType = sourcecode.c.h; path = SQSportViewController.h; sourceTree = "<group>"; };
		79D5F63F1CC6855C0086B56F /* SQSportViewController.m */ = {isa = PBXFileReference; fileEncoding = 4; lastKnownFileType = sourcecode.c.objc; path = SQSportViewController.m; sourceTree = "<group>"; };
		79D5F6411CC6855C0086B56F /* SQSportCell.h */ = {isa = PBXFileReference; fileEncoding = 4; lastKnownFileType = sourcecode.c.h; path = SQSportCell.h; sourceTree = "<group>"; };
		79D5F6421CC6855C0086B56F /* SQSportCell.m */ = {isa = PBXFileReference; fileEncoding = 4; lastKnownFileType = sourcecode.c.objc; path = SQSportCell.m; sourceTree = "<group>"; };
		79D5F6431CC6855C0086B56F /* SQSportCell.xib */ = {isa = PBXFileReference; fileEncoding = 4; lastKnownFileType = file.xib; path = SQSportCell.xib; sourceTree = "<group>"; };
		841987F277890EB2B7FEBE7D /* Pods-LYZSJC.release.xcconfig */ = {isa = PBXFileReference; includeInIndex = 1; lastKnownFileType = text.xcconfig; name = "Pods-LYZSJC.release.xcconfig"; path = "Pods/Target Support Files/Pods-LYZSJC/Pods-LYZSJC.release.xcconfig"; sourceTree = "<group>"; };
		925B68AB1CC75686000F8A33 /* YGJobCommitCell.h */ = {isa = PBXFileReference; fileEncoding = 4; lastKnownFileType = sourcecode.c.h; path = YGJobCommitCell.h; sourceTree = "<group>"; };
		925B68AC1CC75686000F8A33 /* YGJobCommitCell.m */ = {isa = PBXFileReference; fileEncoding = 4; lastKnownFileType = sourcecode.c.objc; path = YGJobCommitCell.m; sourceTree = "<group>"; };
		925B68AD1CC75686000F8A33 /* YGJobCommitCell.xib */ = {isa = PBXFileReference; fileEncoding = 4; lastKnownFileType = file.xib; path = YGJobCommitCell.xib; sourceTree = "<group>"; };
		A734CEA28492A35C32F3D316 /* Pods-LYZSJC.debug.xcconfig */ = {isa = PBXFileReference; includeInIndex = 1; lastKnownFileType = text.xcconfig; name = "Pods-LYZSJC.debug.xcconfig"; path = "Pods/Target Support Files/Pods-LYZSJC/Pods-LYZSJC.debug.xcconfig"; sourceTree = "<group>"; };
		B1178EB81CA44EA400F0D799 /* LYZSJC.app */ = {isa = PBXFileReference; explicitFileType = wrapper.application; includeInIndex = 0; path = LYZSJC.app; sourceTree = BUILT_PRODUCTS_DIR; };
		B1178EC71CA44EA500F0D799 /* Assets.xcassets */ = {isa = PBXFileReference; lastKnownFileType = folder.assetcatalog; path = Assets.xcassets; sourceTree = "<group>"; };
		B1178ECA1CA44EA500F0D799 /* Base */ = {isa = PBXFileReference; lastKnownFileType = file.storyboard; name = Base; path = Base.lproj/LaunchScreen.storyboard; sourceTree = "<group>"; };
		B1178ECC1CA44EA500F0D799 /* Info.plist */ = {isa = PBXFileReference; lastKnownFileType = text.plist.xml; path = Info.plist; sourceTree = "<group>"; };
		B1178ED11CA44EA500F0D799 /* LYZSJCTests.xctest */ = {isa = PBXFileReference; explicitFileType = wrapper.cfbundle; includeInIndex = 0; path = LYZSJCTests.xctest; sourceTree = BUILT_PRODUCTS_DIR; };
		B1178ED51CA44EA500F0D799 /* LYZSJCTests.m */ = {isa = PBXFileReference; lastKnownFileType = sourcecode.c.objc; path = LYZSJCTests.m; sourceTree = "<group>"; };
		B1178ED71CA44EA500F0D799 /* Info.plist */ = {isa = PBXFileReference; lastKnownFileType = text.plist.xml; path = Info.plist; sourceTree = "<group>"; };
		B1178EDC1CA44EA500F0D799 /* LYZSJCUITests.xctest */ = {isa = PBXFileReference; explicitFileType = wrapper.cfbundle; includeInIndex = 0; path = LYZSJCUITests.xctest; sourceTree = BUILT_PRODUCTS_DIR; };
		B1178EE01CA44EA500F0D799 /* LYZSJCUITests.m */ = {isa = PBXFileReference; lastKnownFileType = sourcecode.c.objc; path = LYZSJCUITests.m; sourceTree = "<group>"; };
		B1178EE21CA44EA500F0D799 /* Info.plist */ = {isa = PBXFileReference; lastKnownFileType = text.plist.xml; path = Info.plist; sourceTree = "<group>"; };
		B1453C311CBFDAEF00207EE4 /* AppDelegate.h */ = {isa = PBXFileReference; fileEncoding = 4; lastKnownFileType = sourcecode.c.h; path = AppDelegate.h; sourceTree = "<group>"; };
		B1453C321CBFDAEF00207EE4 /* AppDelegate.m */ = {isa = PBXFileReference; fileEncoding = 4; lastKnownFileType = sourcecode.c.objc; path = AppDelegate.m; sourceTree = "<group>"; };
		B1453C331CBFDAEF00207EE4 /* main.m */ = {isa = PBXFileReference; fileEncoding = 4; lastKnownFileType = sourcecode.c.objc; path = main.m; sourceTree = "<group>"; };
		B1453C3E1CBFDE7800207EE4 /* SQTabBarController.h */ = {isa = PBXFileReference; fileEncoding = 4; lastKnownFileType = sourcecode.c.h; path = SQTabBarController.h; sourceTree = "<group>"; };
		B1453C3F1CBFDE7800207EE4 /* SQTabBarController.m */ = {isa = PBXFileReference; fileEncoding = 4; lastKnownFileType = sourcecode.c.objc; path = SQTabBarController.m; sourceTree = "<group>"; };
		B1453C531CBFDF1E00207EE4 /* SQMeViewController.h */ = {isa = PBXFileReference; fileEncoding = 4; lastKnownFileType = sourcecode.c.h; path = SQMeViewController.h; sourceTree = "<group>"; };
		B1453C541CBFDF1E00207EE4 /* SQMeViewController.m */ = {isa = PBXFileReference; fileEncoding = 4; lastKnownFileType = sourcecode.c.objc; path = SQMeViewController.m; sourceTree = "<group>"; };
		B1453C551CBFDF1E00207EE4 /* SQMeViewController.xib */ = {isa = PBXFileReference; fileEncoding = 4; lastKnownFileType = file.xib; path = SQMeViewController.xib; sourceTree = "<group>"; };
		B1453C581CBFE1B700207EE4 /* SQNavigationController.h */ = {isa = PBXFileReference; fileEncoding = 4; lastKnownFileType = sourcecode.c.h; path = SQNavigationController.h; sourceTree = "<group>"; };
		B1453C591CBFE1B700207EE4 /* SQNavigationController.m */ = {isa = PBXFileReference; fileEncoding = 4; lastKnownFileType = sourcecode.c.objc; path = SQNavigationController.m; sourceTree = "<group>"; };
		B1453C5B1CC076F300207EE4 /* SQTabBar.h */ = {isa = PBXFileReference; fileEncoding = 4; lastKnownFileType = sourcecode.c.h; path = SQTabBar.h; sourceTree = "<group>"; };
		B1453C5C1CC076F300207EE4 /* SQTabBar.m */ = {isa = PBXFileReference; fileEncoding = 4; lastKnownFileType = sourcecode.c.objc; path = SQTabBar.m; sourceTree = "<group>"; };
		B1453C5E1CC07B2000207EE4 /* PrefixHeader.pch */ = {isa = PBXFileReference; fileEncoding = 4; lastKnownFileType = sourcecode.c.h; path = PrefixHeader.pch; sourceTree = "<group>"; };
		B1453C5F1CC07BD100207EE4 /* UIView+SQCustom.h */ = {isa = PBXFileReference; fileEncoding = 4; lastKnownFileType = sourcecode.c.h; path = "UIView+SQCustom.h"; sourceTree = "<group>"; };
		B1453C601CC07BD100207EE4 /* UIView+SQCustom.m */ = {isa = PBXFileReference; fileEncoding = 4; lastKnownFileType = sourcecode.c.objc; path = "UIView+SQCustom.m"; sourceTree = "<group>"; };
		B1453C621CC0BF9D00207EE4 /* Foundation+Log.m */ = {isa = PBXFileReference; fileEncoding = 4; lastKnownFileType = sourcecode.c.objc; path = "Foundation+Log.m"; sourceTree = "<group>"; };
		B1453C641CC0C06500207EE4 /* UIBarButtonItem+SQCustom.h */ = {isa = PBXFileReference; fileEncoding = 4; lastKnownFileType = sourcecode.c.h; path = "UIBarButtonItem+SQCustom.h"; sourceTree = "<group>"; };
		B1453C651CC0C06500207EE4 /* UIBarButtonItem+SQCustom.m */ = {isa = PBXFileReference; fileEncoding = 4; lastKnownFileType = sourcecode.c.objc; path = "UIBarButtonItem+SQCustom.m"; sourceTree = "<group>"; };
		B15FC3F51CC756100093516E /* SQCommentCell.h */ = {isa = PBXFileReference; fileEncoding = 4; lastKnownFileType = sourcecode.c.h; path = SQCommentCell.h; sourceTree = "<group>"; };
		B15FC3F61CC756100093516E /* SQCommentCell.m */ = {isa = PBXFileReference; fileEncoding = 4; lastKnownFileType = sourcecode.c.objc; path = SQCommentCell.m; sourceTree = "<group>"; };
		B15FC3F71CC756100093516E /* SQCommentCell.xib */ = {isa = PBXFileReference; fileEncoding = 4; lastKnownFileType = file.xib; path = SQCommentCell.xib; sourceTree = "<group>"; };
		B15FC3FA1CC757240093516E /* UIImageView+SQCustom.h */ = {isa = PBXFileReference; fileEncoding = 4; lastKnownFileType = sourcecode.c.h; path = "UIImageView+SQCustom.h"; sourceTree = "<group>"; };
		B15FC3FB1CC757240093516E /* UIImageView+SQCustom.m */ = {isa = PBXFileReference; fileEncoding = 4; lastKnownFileType = sourcecode.c.objc; path = "UIImageView+SQCustom.m"; sourceTree = "<group>"; };
		B15FC3FD1CC757990093516E /* UIImage+SQCustom.h */ = {isa = PBXFileReference; fileEncoding = 4; lastKnownFileType = sourcecode.c.h; path = "UIImage+SQCustom.h"; sourceTree = "<group>"; };
		B15FC3FE1CC757990093516E /* UIImage+SQCustom.m */ = {isa = PBXFileReference; fileEncoding = 4; lastKnownFileType = sourcecode.c.objc; path = "UIImage+SQCustom.m"; sourceTree = "<group>"; };
		B196BF181CC4E1340097A56F /* SQAddViewController.h */ = {isa = PBXFileReference; fileEncoding = 4; lastKnownFileType = sourcecode.c.h; path = SQAddViewController.h; sourceTree = "<group>"; };
		B196BF191CC4E1340097A56F /* SQAddViewController.m */ = {isa = PBXFileReference; fileEncoding = 4; lastKnownFileType = sourcecode.c.objc; path = SQAddViewController.m; sourceTree = "<group>"; };
		B196BF1B1CC4E1340097A56F /* SQAddView.h */ = {isa = PBXFileReference; fileEncoding = 4; lastKnownFileType = sourcecode.c.h; path = SQAddView.h; sourceTree = "<group>"; };
		B196BF1C1CC4E1340097A56F /* SQAddView.m */ = {isa = PBXFileReference; fileEncoding = 4; lastKnownFileType = sourcecode.c.objc; path = SQAddView.m; sourceTree = "<group>"; };
		B196BF221CC517AF0097A56F /* NSDate+SQCustom.h */ = {isa = PBXFileReference; fileEncoding = 4; lastKnownFileType = sourcecode.c.h; path = "NSDate+SQCustom.h"; sourceTree = "<group>"; };
		B196BF231CC517AF0097A56F /* NSDate+SQCustom.m */ = {isa = PBXFileReference; fileEncoding = 4; lastKnownFileType = sourcecode.c.objc; path = "NSDate+SQCustom.m"; sourceTree = "<group>"; };
		B1B10C061CC4C596003B45EF /* SQConst.h */ = {isa = PBXFileReference; fileEncoding = 4; lastKnownFileType = sourcecode.c.h; path = SQConst.h; sourceTree = "<group>"; };
		B1B10C071CC4C596003B45EF /* SQConst.m */ = {isa = PBXFileReference; fileEncoding = 4; lastKnownFileType = sourcecode.c.objc; path = SQConst.m; sourceTree = "<group>"; };
		B1C880251CC5C1E40024C550 /* JLKURLHeader.h */ = {isa = PBXFileReference; fileEncoding = 4; lastKnownFileType = sourcecode.c.h; path = JLKURLHeader.h; sourceTree = "<group>"; };
/* End PBXFileReference section */

/* Begin PBXFrameworksBuildPhase section */
		B1178EB51CA44EA400F0D799 /* Frameworks */ = {
			isa = PBXFrameworksBuildPhase;
			buildActionMask = 2147483647;
			files = (
				D6F7BD55CB5EFD8AFED3FCDE /* libPods-LYZSJC.a in Frameworks */,
			);
			runOnlyForDeploymentPostprocessing = 0;
		};
		B1178ECE1CA44EA500F0D799 /* Frameworks */ = {
			isa = PBXFrameworksBuildPhase;
			buildActionMask = 2147483647;
			files = (
			);
			runOnlyForDeploymentPostprocessing = 0;
		};
		B1178ED91CA44EA500F0D799 /* Frameworks */ = {
			isa = PBXFrameworksBuildPhase;
			buildActionMask = 2147483647;
			files = (
			);
			runOnlyForDeploymentPostprocessing = 0;
		};
/* End PBXFrameworksBuildPhase section */

/* Begin PBXGroup section */
		48C7FF9B1F171072C4843F2D /* Pods */ = {
			isa = PBXGroup;
			children = (
				A734CEA28492A35C32F3D316 /* Pods-LYZSJC.debug.xcconfig */,
				841987F277890EB2B7FEBE7D /* Pods-LYZSJC.release.xcconfig */,
			);
			name = Pods;
			sourceTree = "<group>";
		};
		79B7EB571CC72EC60065487A /* Job */ = {
			isa = PBXGroup;
			children = (
				79B7EB581CC72EC60065487A /* Models */,
				79B7EB5D1CC72EC60065487A /* ViewControllers */,
				79B7EB641CC72EC60065487A /* Views */,
			);
			path = Job;
			sourceTree = "<group>";
		};
		79B7EB581CC72EC60065487A /* Models */ = {
			isa = PBXGroup;
			children = (
				79B7EB591CC72EC60065487A /* YGCategoryModel.h */,
				79B7EB5A1CC72EC60065487A /* YGCategoryModel.m */,
				79B7EB5B1CC72EC60065487A /* YGJobTableModel.h */,
				79B7EB5C1CC72EC60065487A /* YGJobTableModel.m */,
			);
			path = Models;
			sourceTree = "<group>";
		};
		79B7EB5D1CC72EC60065487A /* ViewControllers */ = {
			isa = PBXGroup;
			children = (
				79B7EB5E1CC72EC60065487A /* SQJobViewController.h */,
				79B7EB5F1CC72EC60065487A /* SQJobViewController.m */,
				79B7EB601CC72EC60065487A /* SQJobViewController.xib */,
				79B7EB611CC72EC60065487A /* YGJobDetailViewController.h */,
				79B7EB621CC72EC60065487A /* YGJobDetailViewController.m */,
				79B7EB631CC72EC60065487A /* YGJobDetailViewController.xib */,
			);
			path = ViewControllers;
			sourceTree = "<group>";
		};
		79B7EB641CC72EC60065487A /* Views */ = {
			isa = PBXGroup;
			children = (
				79B7EB651CC72EC60065487A /* YGCategoryTableViewCell.h */,
				79B7EB661CC72EC60065487A /* YGCategoryTableViewCell.m */,
				79B7EB671CC72EC60065487A /* YGCategoryTableViewCell.xib */,
				79B7EB681CC72EC60065487A /* YGJobDetailHeaderView.h */,
				79B7EB691CC72EC60065487A /* YGJobDetailHeaderView.m */,
				79B7EB6A1CC72EC60065487A /* YGJobDetailHeaderView.xib */,
				79B7EB6B1CC72EC60065487A /* YGJobTableViewCell.h */,
				79B7EB6C1CC72EC60065487A /* YGJobTableViewCell.m */,
				79B7EB6D1CC72EC60065487A /* YGJobTableViewCell.xib */,
				925B68AB1CC75686000F8A33 /* YGJobCommitCell.h */,
				925B68AC1CC75686000F8A33 /* YGJobCommitCell.m */,
				925B68AD1CC75686000F8A33 /* YGJobCommitCell.xib */,
			);
			path = Views;
			sourceTree = "<group>";
		};
		79D5F5F51CC6816A0086B56F /* Home */ = {
			isa = PBXGroup;
			children = (
				79D5F5F61CC6816A0086B56F /* Models */,
				79D5F5FD1CC6816A0086B56F /* ViewControllers */,
				79D5F60A1CC6816A0086B56F /* Views */,
			);
			path = Home;
			sourceTree = "<group>";
		};
		79D5F5F61CC6816A0086B56F /* Models */ = {
			isa = PBXGroup;
			children = (
				79D5F5F71CC6816A0086B56F /* SQComment.h */,
				79D5F5F81CC6816A0086B56F /* SQComment.m */,
				79D5F5F91CC6816A0086B56F /* SQTopic.h */,
				79D5F5FA1CC6816A0086B56F /* SQTopic.m */,
				79D5F5FB1CC6816A0086B56F /* SQUser.h */,
				79D5F5FC1CC6816A0086B56F /* SQUser.m */,
			);
			path = Models;
			sourceTree = "<group>";
		};
		79D5F5FD1CC6816A0086B56F /* ViewControllers */ = {
			isa = PBXGroup;
			children = (
				79D5F5FE1CC6816A0086B56F /* SQCommentViewController.h */,
				79D5F5FF1CC6816A0086B56F /* SQCommentViewController.m */,
				79D5F6001CC6816A0086B56F /* SQCommentViewController.xib */,
				79D5F6011CC6816A0086B56F /* SQHomeMenuViewController.h */,
				79D5F6021CC6816A0086B56F /* SQHomeMenuViewController.m */,
				79D5F6031CC6816A0086B56F /* SQHomeViewController.h */,
				79D5F6041CC6816A0086B56F /* SQHomeViewController.m */,
				79D5F6051CC6816A0086B56F /* SQShowPictureViewController.h */,
				79D5F6061CC6816A0086B56F /* SQShowPictureViewController.m */,
				79D5F6071CC6816A0086B56F /* SQShowPictureViewController.xib */,
				79D5F6081CC6816A0086B56F /* SQTopicTableViewController.h */,
				79D5F6091CC6816A0086B56F /* SQTopicTableViewController.m */,
			);
			path = ViewControllers;
			sourceTree = "<group>";
		};
		79D5F60A1CC6816A0086B56F /* Views */ = {
			isa = PBXGroup;
			children = (
				79D5F60D1CC6816A0086B56F /* SQDropdownView.h */,
				79D5F60E1CC6816A0086B56F /* SQDropdownView.m */,
				79D5F60F1CC6816A0086B56F /* SQHomeTitleButton.h */,
				79D5F6101CC6816A0086B56F /* SQHomeTitleButton.m */,
				79D5F6111CC6816A0086B56F /* SQProgressView.h */,
				79D5F6121CC6816A0086B56F /* SQProgressView.m */,
				79D5F6131CC6816A0086B56F /* SQTopicCell.h */,
				79D5F6141CC6816A0086B56F /* SQTopicCell.m */,
				79D5F6151CC6816A0086B56F /* SQTopicCell.xib */,
				79D5F6161CC6816A0086B56F /* SQTopicPictureView.h */,
				79D5F6171CC6816A0086B56F /* SQTopicPictureView.m */,
				79D5F6181CC6816A0086B56F /* SQTopicPictureView.xib */,
				79D5F6191CC6816A0086B56F /* SQTopicVideoView.h */,
				79D5F61A1CC6816A0086B56F /* SQTopicVideoView.m */,
				79D5F61B1CC6816A0086B56F /* SQTopicVideoView.xib */,
				79D5F61C1CC6816A0086B56F /* SQTopicVoiceView.h */,
				79D5F61D1CC6816A0086B56F /* SQTopicVoiceView.m */,
				79D5F61E1CC6816A0086B56F /* SQTopicVoiceView.xib */,
				79D5F60B1CC6816A0086B56F /* SQCommentHeaderView.h */,
				79D5F60C1CC6816A0086B56F /* SQCommentHeaderView.m */,
				B15FC3F51CC756100093516E /* SQCommentCell.h */,
				B15FC3F61CC756100093516E /* SQCommentCell.m */,
				B15FC3F71CC756100093516E /* SQCommentCell.xib */,
			);
			path = Views;
			sourceTree = "<group>";
		};
		79D5F6351CC6855C0086B56F /* Sport */ = {
			isa = PBXGroup;
			children = (
				79D5F6361CC6855C0086B56F /* Models */,
				79D5F6391CC6855C0086B56F /* ViewControllers */,
				79D5F6401CC6855C0086B56F /* Views */,
			);
			path = Sport;
			sourceTree = "<group>";
		};
		79D5F6361CC6855C0086B56F /* Models */ = {
			isa = PBXGroup;
			children = (
				79D5F6371CC6855C0086B56F /* JLKSportModel.h */,
				79D5F6381CC6855C0086B56F /* JLKSportModel.m */,
				790109171CC7A47700BF6F99 /* JLKRankModel.h */,
				790109181CC7A47700BF6F99 /* JLKRankModel.m */,
			);
			path = Models;
			sourceTree = "<group>";
		};
		79D5F6391CC6855C0086B56F /* ViewControllers */ = {
			isa = PBXGroup;
			children = (
				79D5F63A1CC6855C0086B56F /* JLKSportDetailViewController.h */,
				79D5F63B1CC6855C0086B56F /* JLKSportDetailViewController.m */,
				79D5F63C1CC6855C0086B56F /* JLKSportViewController.h */,
				79D5F63D1CC6855C0086B56F /* JLKSportViewController.m */,
				79D5F63E1CC6855C0086B56F /* SQSportViewController.h */,
				79D5F63F1CC6855C0086B56F /* SQSportViewController.m */,
				7901090F1CC79D0500BF6F99 /* JLKSportRankListViewController.h */,
				790109101CC79D0500BF6F99 /* JLKSportRankListViewController.m */,
			);
			path = ViewControllers;
			sourceTree = "<group>";
		};
		79D5F6401CC6855C0086B56F /* Views */ = {
			isa = PBXGroup;
			children = (
				79D5F6411CC6855C0086B56F /* SQSportCell.h */,
				79D5F6421CC6855C0086B56F /* SQSportCell.m */,
				79D5F6431CC6855C0086B56F /* SQSportCell.xib */,
				790109121CC7A23100BF6F99 /* JLKRankCell.h */,
				790109131CC7A23100BF6F99 /* JLKRankCell.m */,
			);
			path = Views;
			sourceTree = "<group>";
		};
		B1178EAF1CA44EA400F0D799 = {
			isa = PBXGroup;
			children = (
				B1178EBA1CA44EA400F0D799 /* LYZSJC */,
				B1178ED41CA44EA500F0D799 /* LYZSJCTests */,
				B1178EDF1CA44EA500F0D799 /* LYZSJCUITests */,
				B1178EB91CA44EA400F0D799 /* Products */,
				48C7FF9B1F171072C4843F2D /* Pods */,
				DEC2B36E35663BF198C20391 /* Frameworks */,
			);
			sourceTree = "<group>";
		};
		B1178EB91CA44EA400F0D799 /* Products */ = {
			isa = PBXGroup;
			children = (
				B1178EB81CA44EA400F0D799 /* LYZSJC.app */,
				B1178ED11CA44EA500F0D799 /* LYZSJCTests.xctest */,
				B1178EDC1CA44EA500F0D799 /* LYZSJCUITests.xctest */,
			);
			name = Products;
			sourceTree = "<group>";
		};
		B1178EBA1CA44EA400F0D799 /* LYZSJC */ = {
			isa = PBXGroup;
			children = (
				B1453C1F1CBFDAEF00207EE4 /* Classes */,
				B1178EC71CA44EA500F0D799 /* Assets.xcassets */,
				B1178EC91CA44EA500F0D799 /* LaunchScreen.storyboard */,
				B1178ECC1CA44EA500F0D799 /* Info.plist */,
				B1178EBB1CA44EA400F0D799 /* Supporting Files */,
			);
			path = LYZSJC;
			sourceTree = "<group>";
		};
		B1178EBB1CA44EA400F0D799 /* Supporting Files */ = {
			isa = PBXGroup;
			children = (
			);
			name = "Supporting Files";
			sourceTree = "<group>";
		};
		B1178ED41CA44EA500F0D799 /* LYZSJCTests */ = {
			isa = PBXGroup;
			children = (
				B1178ED51CA44EA500F0D799 /* LYZSJCTests.m */,
				B1178ED71CA44EA500F0D799 /* Info.plist */,
			);
			path = LYZSJCTests;
			sourceTree = "<group>";
		};
		B1178EDF1CA44EA500F0D799 /* LYZSJCUITests */ = {
			isa = PBXGroup;
			children = (
				B1178EE01CA44EA500F0D799 /* LYZSJCUITests.m */,
				B1178EE21CA44EA500F0D799 /* Info.plist */,
			);
			path = LYZSJCUITests;
			sourceTree = "<group>";
		};
		B1453C1F1CBFDAEF00207EE4 /* Classes */ = {
			isa = PBXGroup;
			children = (
				B1453C301CBFDAEF00207EE4 /* Ohter */,
				79D5F5F51CC6816A0086B56F /* Home */,
				79B7EB571CC72EC60065487A /* Job */,
				B196BF151CC4E1340097A56F /* Add */,
				79D5F6351CC6855C0086B56F /* Sport */,
				B1453C281CBFDAEF00207EE4 /* Me */,
			);
			path = Classes;
			sourceTree = "<group>";
		};
		B1453C281CBFDAEF00207EE4 /* Me */ = {
			isa = PBXGroup;
			children = (
				B1453C291CBFDAEF00207EE4 /* Models */,
				B1453C2A1CBFDAEF00207EE4 /* ViewControllers */,
				B1453C2B1CBFDAEF00207EE4 /* Views */,
			);
			path = Me;
			sourceTree = "<group>";
		};
		B1453C291CBFDAEF00207EE4 /* Models */ = {
			isa = PBXGroup;
			children = (
			);
			path = Models;
			sourceTree = "<group>";
		};
		B1453C2A1CBFDAEF00207EE4 /* ViewControllers */ = {
			isa = PBXGroup;
			children = (
				B1453C531CBFDF1E00207EE4 /* SQMeViewController.h */,
				B1453C541CBFDF1E00207EE4 /* SQMeViewController.m */,
				B1453C551CBFDF1E00207EE4 /* SQMeViewController.xib */,
			);
			path = ViewControllers;
			sourceTree = "<group>";
		};
		B1453C2B1CBFDAEF00207EE4 /* Views */ = {
			isa = PBXGroup;
			children = (
			);
			path = Views;
			sourceTree = "<group>";
		};
		B1453C301CBFDAEF00207EE4 /* Ohter */ = {
			isa = PBXGroup;
			children = (
				B1453C3D1CBFDB9C00207EE4 /* Category */,
				B1453C351CBFDAEF00207EE4 /* ViewControllers */,
				B1453C361CBFDAEF00207EE4 /* Views */,
				B1453C341CBFDAEF00207EE4 /* Models */,
				B1453C311CBFDAEF00207EE4 /* AppDelegate.h */,
				B1453C321CBFDAEF00207EE4 /* AppDelegate.m */,
				B1453C331CBFDAEF00207EE4 /* main.m */,
				B1453C621CC0BF9D00207EE4 /* Foundation+Log.m */,
				B1453C5E1CC07B2000207EE4 /* PrefixHeader.pch */,
				B1B10C061CC4C596003B45EF /* SQConst.h */,
				B1B10C071CC4C596003B45EF /* SQConst.m */,
				B1C880251CC5C1E40024C550 /* JLKURLHeader.h */,
				79D5F5E91CC631650086B56F /* JLKPedometer.h */,
				79D5F5EA1CC631650086B56F /* JLKPedometer.m */,
			);
			path = Ohter;
			sourceTree = "<group>";
		};
		B1453C341CBFDAEF00207EE4 /* Models */ = {
			isa = PBXGroup;
			children = (
			);
			path = Models;
			sourceTree = "<group>";
		};
		B1453C351CBFDAEF00207EE4 /* ViewControllers */ = {
			isa = PBXGroup;
			children = (
				B1453C3E1CBFDE7800207EE4 /* SQTabBarController.h */,
				B1453C3F1CBFDE7800207EE4 /* SQTabBarController.m */,
				B1453C581CBFE1B700207EE4 /* SQNavigationController.h */,
				B1453C591CBFE1B700207EE4 /* SQNavigationController.m */,
			);
			path = ViewControllers;
			sourceTree = "<group>";
		};
		B1453C361CBFDAEF00207EE4 /* Views */ = {
			isa = PBXGroup;
			children = (
				79D5F5F21CC681220086B56F /* SQTopWindow.h */,
				79D5F5F31CC681220086B56F /* SQTopWindow.m */,
				B1453C5B1CC076F300207EE4 /* SQTabBar.h */,
				B1453C5C1CC076F300207EE4 /* SQTabBar.m */,
			);
			path = Views;
			sourceTree = "<group>";
		};
		B1453C3D1CBFDB9C00207EE4 /* Category */ = {
			isa = PBXGroup;
			children = (
				B1453C5F1CC07BD100207EE4 /* UIView+SQCustom.h */,
				B1453C601CC07BD100207EE4 /* UIView+SQCustom.m */,
				B1453C641CC0C06500207EE4 /* UIBarButtonItem+SQCustom.h */,
				B1453C651CC0C06500207EE4 /* UIBarButtonItem+SQCustom.m */,
				B196BF221CC517AF0097A56F /* NSDate+SQCustom.h */,
				B196BF231CC517AF0097A56F /* NSDate+SQCustom.m */,
				B15FC3FA1CC757240093516E /* UIImageView+SQCustom.h */,
				B15FC3FB1CC757240093516E /* UIImageView+SQCustom.m */,
				B15FC3FD1CC757990093516E /* UIImage+SQCustom.h */,
				B15FC3FE1CC757990093516E /* UIImage+SQCustom.m */,
			);
			path = Category;
			sourceTree = "<group>";
		};
		B196BF151CC4E1340097A56F /* Add */ = {
			isa = PBXGroup;
			children = (
				B196BF161CC4E1340097A56F /* Models */,
				B196BF171CC4E1340097A56F /* ViewControllers */,
				B196BF1A1CC4E1340097A56F /* Views */,
			);
			path = Add;
			sourceTree = "<group>";
		};
		B196BF161CC4E1340097A56F /* Models */ = {
			isa = PBXGroup;
			children = (
			);
			path = Models;
			sourceTree = "<group>";
		};
		B196BF171CC4E1340097A56F /* ViewControllers */ = {
			isa = PBXGroup;
			children = (
				B196BF181CC4E1340097A56F /* SQAddViewController.h */,
				B196BF191CC4E1340097A56F /* SQAddViewController.m */,
			);
			path = ViewControllers;
			sourceTree = "<group>";
		};
		B196BF1A1CC4E1340097A56F /* Views */ = {
			isa = PBXGroup;
			children = (
				B196BF1B1CC4E1340097A56F /* SQAddView.h */,
				B196BF1C1CC4E1340097A56F /* SQAddView.m */,
			);
			path = Views;
			sourceTree = "<group>";
		};
		DEC2B36E35663BF198C20391 /* Frameworks */ = {
			isa = PBXGroup;
			children = (
				2B76B8353D53D25BE8C3F186 /* libPods-LYZSJC.a */,
			);
			name = Frameworks;
			sourceTree = "<group>";
		};
/* End PBXGroup section */

/* Begin PBXNativeTarget section */
		B1178EB71CA44EA400F0D799 /* LYZSJC */ = {
			isa = PBXNativeTarget;
			buildConfigurationList = B1178EE51CA44EA500F0D799 /* Build configuration list for PBXNativeTarget "LYZSJC" */;
			buildPhases = (
				773249926BA0DC69DF7C806C /* Check Pods Manifest.lock */,
				B1178EB41CA44EA400F0D799 /* Sources */,
				B1178EB51CA44EA400F0D799 /* Frameworks */,
				B1178EB61CA44EA400F0D799 /* Resources */,
				5FA85BBED9F6710CF05162C9 /* Embed Pods Frameworks */,
				DD7C47CEA9B67AC22331602E /* Copy Pods Resources */,
			);
			buildRules = (
			);
			dependencies = (
			);
			name = LYZSJC;
			productName = LYZSJC;
			productReference = B1178EB81CA44EA400F0D799 /* LYZSJC.app */;
			productType = "com.apple.product-type.application";
		};
		B1178ED01CA44EA500F0D799 /* LYZSJCTests */ = {
			isa = PBXNativeTarget;
			buildConfigurationList = B1178EE81CA44EA500F0D799 /* Build configuration list for PBXNativeTarget "LYZSJCTests" */;
			buildPhases = (
				B1178ECD1CA44EA500F0D799 /* Sources */,
				B1178ECE1CA44EA500F0D799 /* Frameworks */,
				B1178ECF1CA44EA500F0D799 /* Resources */,
			);
			buildRules = (
			);
			dependencies = (
				B1178ED31CA44EA500F0D799 /* PBXTargetDependency */,
			);
			name = LYZSJCTests;
			productName = LYZSJCTests;
			productReference = B1178ED11CA44EA500F0D799 /* LYZSJCTests.xctest */;
			productType = "com.apple.product-type.bundle.unit-test";
		};
		B1178EDB1CA44EA500F0D799 /* LYZSJCUITests */ = {
			isa = PBXNativeTarget;
			buildConfigurationList = B1178EEB1CA44EA500F0D799 /* Build configuration list for PBXNativeTarget "LYZSJCUITests" */;
			buildPhases = (
				B1178ED81CA44EA500F0D799 /* Sources */,
				B1178ED91CA44EA500F0D799 /* Frameworks */,
				B1178EDA1CA44EA500F0D799 /* Resources */,
			);
			buildRules = (
			);
			dependencies = (
				B1178EDE1CA44EA500F0D799 /* PBXTargetDependency */,
			);
			name = LYZSJCUITests;
			productName = LYZSJCUITests;
			productReference = B1178EDC1CA44EA500F0D799 /* LYZSJCUITests.xctest */;
			productType = "com.apple.product-type.bundle.ui-testing";
		};
/* End PBXNativeTarget section */

/* Begin PBXProject section */
		B1178EB01CA44EA400F0D799 /* Project object */ = {
			isa = PBXProject;
			attributes = {
				CLASSPREFIX = YG;
				LastUpgradeCheck = 0720;
				ORGANIZATIONNAME = YG;
				TargetAttributes = {
					B1178EB71CA44EA400F0D799 = {
						CreatedOnToolsVersion = 7.2;
						DevelopmentTeam = A29QK2NWP9;
						SystemCapabilities = {
							com.apple.HealthKit = {
								enabled = 0;
							};
						};
					};
					B1178ED01CA44EA500F0D799 = {
						CreatedOnToolsVersion = 7.2;
						DevelopmentTeam = WB6FNA5UM2;
						TestTargetID = B1178EB71CA44EA400F0D799;
					};
					B1178EDB1CA44EA500F0D799 = {
						CreatedOnToolsVersion = 7.2;
						DevelopmentTeam = WB6FNA5UM2;
						TestTargetID = B1178EB71CA44EA400F0D799;
					};
				};
			};
			buildConfigurationList = B1178EB31CA44EA400F0D799 /* Build configuration list for PBXProject "LYZSJC" */;
			compatibilityVersion = "Xcode 3.2";
			developmentRegion = English;
			hasScannedForEncodings = 0;
			knownRegions = (
				en,
				Base,
			);
			mainGroup = B1178EAF1CA44EA400F0D799;
			productRefGroup = B1178EB91CA44EA400F0D799 /* Products */;
			projectDirPath = "";
			projectRoot = "";
			targets = (
				B1178EB71CA44EA400F0D799 /* LYZSJC */,
				B1178ED01CA44EA500F0D799 /* LYZSJCTests */,
				B1178EDB1CA44EA500F0D799 /* LYZSJCUITests */,
			);
		};
/* End PBXProject section */

/* Begin PBXResourcesBuildPhase section */
		B1178EB61CA44EA400F0D799 /* Resources */ = {
			isa = PBXResourcesBuildPhase;
			buildActionMask = 2147483647;
			files = (
				79B7EB791CC72EC60065487A /* YGJobTableViewCell.xib in Resources */,
				79D5F6341CC6816A0086B56F /* SQTopicVoiceView.xib in Resources */,
				B1453C571CBFDF1E00207EE4 /* SQMeViewController.xib in Resources */,
				79B7EB771CC72EC60065487A /* YGJobDetailHeaderView.xib in Resources */,
				79D5F6231CC6816A0086B56F /* SQCommentViewController.xib in Resources */,
				79D5F6491CC6855C0086B56F /* SQSportCell.xib in Resources */,
				B1178ECB1CA44EA500F0D799 /* LaunchScreen.storyboard in Resources */,
				79D5F62E1CC6816A0086B56F /* SQTopicCell.xib in Resources */,
				925B68AF1CC75686000F8A33 /* YGJobCommitCell.xib in Resources */,
				79B7EB751CC72EC60065487A /* YGCategoryTableViewCell.xib in Resources */,
				B15FC3F91CC756100093516E /* SQCommentCell.xib in Resources */,
				79D5F6321CC6816A0086B56F /* SQTopicVideoView.xib in Resources */,
				79B7EB731CC72EC60065487A /* YGJobDetailViewController.xib in Resources */,
				B1178EC81CA44EA500F0D799 /* Assets.xcassets in Resources */,
				79D5F6301CC6816A0086B56F /* SQTopicPictureView.xib in Resources */,
				79D5F6271CC6816A0086B56F /* SQShowPictureViewController.xib in Resources */,
				79B7EB711CC72EC60065487A /* SQJobViewController.xib in Resources */,
			);
			runOnlyForDeploymentPostprocessing = 0;
		};
		B1178ECF1CA44EA500F0D799 /* Resources */ = {
			isa = PBXResourcesBuildPhase;
			buildActionMask = 2147483647;
			files = (
			);
			runOnlyForDeploymentPostprocessing = 0;
		};
		B1178EDA1CA44EA500F0D799 /* Resources */ = {
			isa = PBXResourcesBuildPhase;
			buildActionMask = 2147483647;
			files = (
			);
			runOnlyForDeploymentPostprocessing = 0;
		};
/* End PBXResourcesBuildPhase section */

/* Begin PBXShellScriptBuildPhase section */
		5FA85BBED9F6710CF05162C9 /* Embed Pods Frameworks */ = {
			isa = PBXShellScriptBuildPhase;
			buildActionMask = 2147483647;
			files = (
			);
			inputPaths = (
			);
			name = "Embed Pods Frameworks";
			outputPaths = (
			);
			runOnlyForDeploymentPostprocessing = 0;
			shellPath = /bin/sh;
			shellScript = "\"${SRCROOT}/Pods/Target Support Files/Pods-LYZSJC/Pods-LYZSJC-frameworks.sh\"\n";
			showEnvVarsInLog = 0;
		};
		773249926BA0DC69DF7C806C /* Check Pods Manifest.lock */ = {
			isa = PBXShellScriptBuildPhase;
			buildActionMask = 2147483647;
			files = (
			);
			inputPaths = (
			);
			name = "Check Pods Manifest.lock";
			outputPaths = (
			);
			runOnlyForDeploymentPostprocessing = 0;
			shellPath = /bin/sh;
			shellScript = "diff \"${PODS_ROOT}/../Podfile.lock\" \"${PODS_ROOT}/Manifest.lock\" > /dev/null\nif [[ $? != 0 ]] ; then\n    cat << EOM\nerror: The sandbox is not in sync with the Podfile.lock. Run 'pod install' or update your CocoaPods installation.\nEOM\n    exit 1\nfi\n";
			showEnvVarsInLog = 0;
		};
		DD7C47CEA9B67AC22331602E /* Copy Pods Resources */ = {
			isa = PBXShellScriptBuildPhase;
			buildActionMask = 2147483647;
			files = (
			);
			inputPaths = (
			);
			name = "Copy Pods Resources";
			outputPaths = (
			);
			runOnlyForDeploymentPostprocessing = 0;
			shellPath = /bin/sh;
			shellScript = "\"${SRCROOT}/Pods/Target Support Files/Pods-LYZSJC/Pods-LYZSJC-resources.sh\"\n";
			showEnvVarsInLog = 0;
		};
/* End PBXShellScriptBuildPhase section */

/* Begin PBXSourcesBuildPhase section */
		B1178EB41CA44EA400F0D799 /* Sources */ = {
			isa = PBXSourcesBuildPhase;
			buildActionMask = 2147483647;
			files = (
				79D5F6481CC6855C0086B56F /* SQSportCell.m in Sources */,
				B15FC3F81CC756100093516E /* SQCommentCell.m in Sources */,
				B15FC3FC1CC757240093516E /* UIImageView+SQCustom.m in Sources */,
				79B7EB781CC72EC60065487A /* YGJobTableViewCell.m in Sources */,
				79D5F6441CC6855C0086B56F /* JLKSportModel.m in Sources */,
				79D5F6221CC6816A0086B56F /* SQCommentViewController.m in Sources */,
				79D5F5EB1CC631650086B56F /* JLKPedometer.m in Sources */,
				B1B10C081CC4C596003B45EF /* SQConst.m in Sources */,
				B1453C661CC0C06500207EE4 /* UIBarButtonItem+SQCustom.m in Sources */,
				79D5F6451CC6855C0086B56F /* JLKSportDetailViewController.m in Sources */,
				79B7EB6E1CC72EC60065487A /* YGCategoryModel.m in Sources */,
				79D5F6261CC6816A0086B56F /* SQShowPictureViewController.m in Sources */,
				79D5F6241CC6816A0086B56F /* SQHomeMenuViewController.m in Sources */,
				B1453C5D1CC076F300207EE4 /* SQTabBar.m in Sources */,
				79D5F6311CC6816A0086B56F /* SQTopicVideoView.m in Sources */,
				790109111CC79D0500BF6F99 /* JLKSportRankListViewController.m in Sources */,
				79D5F62F1CC6816A0086B56F /* SQTopicPictureView.m in Sources */,
				B1453C3C1CBFDAEF00207EE4 /* main.m in Sources */,
				B1453C5A1CBFE1B700207EE4 /* SQNavigationController.m in Sources */,
				B196BF241CC517AF0097A56F /* NSDate+SQCustom.m in Sources */,
				B1453C561CBFDF1E00207EE4 /* SQMeViewController.m in Sources */,
				790109151CC7A23100BF6F99 /* JLKRankCell.m in Sources */,
				79D5F6461CC6855C0086B56F /* JLKSportViewController.m in Sources */,
				79D5F6201CC6816A0086B56F /* SQTopic.m in Sources */,
				B1453C401CBFDE7800207EE4 /* SQTabBarController.m in Sources */,
				79B7EB6F1CC72EC60065487A /* YGJobTableModel.m in Sources */,
				B1453C611CC07BD100207EE4 /* UIView+SQCustom.m in Sources */,
				79B7EB701CC72EC60065487A /* SQJobViewController.m in Sources */,
				79D5F6211CC6816A0086B56F /* SQUser.m in Sources */,
				79D5F62D1CC6816A0086B56F /* SQTopicCell.m in Sources */,
				79D5F62A1CC6816A0086B56F /* SQDropdownView.m in Sources */,
				925B68AE1CC75686000F8A33 /* YGJobCommitCell.m in Sources */,
				79D5F6281CC6816A0086B56F /* SQTopicTableViewController.m in Sources */,
				79D5F62B1CC6816A0086B56F /* SQHomeTitleButton.m in Sources */,
				79B7EB761CC72EC60065487A /* YGJobDetailHeaderView.m in Sources */,
				79D5F6331CC6816A0086B56F /* SQTopicVoiceView.m in Sources */,
				B196BF1D1CC4E1340097A56F /* SQAddViewController.m in Sources */,
				790109191CC7A47700BF6F99 /* JLKRankModel.m in Sources */,
				79D5F61F1CC6816A0086B56F /* SQComment.m in Sources */,
				79B7EB721CC72EC60065487A /* YGJobDetailViewController.m in Sources */,
				B1453C3B1CBFDAEF00207EE4 /* AppDelegate.m in Sources */,
				79B7EB741CC72EC60065487A /* YGCategoryTableViewCell.m in Sources */,
				B15FC3FF1CC757990093516E /* UIImage+SQCustom.m in Sources */,
				79D5F6291CC6816A0086B56F /* SQCommentHeaderView.m in Sources */,
				79D5F5F41CC681220086B56F /* SQTopWindow.m in Sources */,
				79D5F6471CC6855C0086B56F /* SQSportViewController.m in Sources */,
				79D5F62C1CC6816A0086B56F /* SQProgressView.m in Sources */,
				79D5F6251CC6816A0086B56F /* SQHomeViewController.m in Sources */,
				B196BF1E1CC4E1340097A56F /* SQAddView.m in Sources */,
				B1453C631CC0BF9D00207EE4 /* Foundation+Log.m in Sources */,
			);
			runOnlyForDeploymentPostprocessing = 0;
		};
		B1178ECD1CA44EA500F0D799 /* Sources */ = {
			isa = PBXSourcesBuildPhase;
			buildActionMask = 2147483647;
			files = (
				B1178ED61CA44EA500F0D799 /* LYZSJCTests.m in Sources */,
			);
			runOnlyForDeploymentPostprocessing = 0;
		};
		B1178ED81CA44EA500F0D799 /* Sources */ = {
			isa = PBXSourcesBuildPhase;
			buildActionMask = 2147483647;
			files = (
				B1178EE11CA44EA500F0D799 /* LYZSJCUITests.m in Sources */,
			);
			runOnlyForDeploymentPostprocessing = 0;
		};
/* End PBXSourcesBuildPhase section */

/* Begin PBXTargetDependency section */
		B1178ED31CA44EA500F0D799 /* PBXTargetDependency */ = {
			isa = PBXTargetDependency;
			target = B1178EB71CA44EA400F0D799 /* LYZSJC */;
			targetProxy = B1178ED21CA44EA500F0D799 /* PBXContainerItemProxy */;
		};
		B1178EDE1CA44EA500F0D799 /* PBXTargetDependency */ = {
			isa = PBXTargetDependency;
			target = B1178EB71CA44EA400F0D799 /* LYZSJC */;
			targetProxy = B1178EDD1CA44EA500F0D799 /* PBXContainerItemProxy */;
		};
/* End PBXTargetDependency section */

/* Begin PBXVariantGroup section */
		B1178EC91CA44EA500F0D799 /* LaunchScreen.storyboard */ = {
			isa = PBXVariantGroup;
			children = (
				B1178ECA1CA44EA500F0D799 /* Base */,
			);
			name = LaunchScreen.storyboard;
			sourceTree = "<group>";
		};
/* End PBXVariantGroup section */

/* Begin XCBuildConfiguration section */
		B1178EE31CA44EA500F0D799 /* Debug */ = {
			isa = XCBuildConfiguration;
			buildSettings = {
				ALWAYS_SEARCH_USER_PATHS = NO;
				CLANG_CXX_LANGUAGE_STANDARD = "gnu++0x";
				CLANG_CXX_LIBRARY = "libc++";
				CLANG_ENABLE_MODULES = YES;
				CLANG_ENABLE_OBJC_ARC = YES;
				CLANG_WARN_BOOL_CONVERSION = YES;
				CLANG_WARN_CONSTANT_CONVERSION = YES;
				CLANG_WARN_DIRECT_OBJC_ISA_USAGE = YES_ERROR;
				CLANG_WARN_EMPTY_BODY = YES;
				CLANG_WARN_ENUM_CONVERSION = YES;
				CLANG_WARN_INT_CONVERSION = YES;
				CLANG_WARN_OBJC_ROOT_CLASS = YES_ERROR;
				CLANG_WARN_UNREACHABLE_CODE = YES;
				CLANG_WARN__DUPLICATE_METHOD_MATCH = YES;
				"CODE_SIGN_IDENTITY[sdk=iphoneos*]" = "iPhone Developer";
				COPY_PHASE_STRIP = NO;
				DEBUG_INFORMATION_FORMAT = dwarf;
				ENABLE_STRICT_OBJC_MSGSEND = YES;
				ENABLE_TESTABILITY = YES;
				GCC_C_LANGUAGE_STANDARD = gnu99;
				GCC_DYNAMIC_NO_PIC = NO;
				GCC_NO_COMMON_BLOCKS = YES;
				GCC_OPTIMIZATION_LEVEL = 0;
				GCC_PREPROCESSOR_DEFINITIONS = (
					"DEBUG=1",
					"$(inherited)",
				);
				GCC_WARN_64_TO_32_BIT_CONVERSION = YES;
				GCC_WARN_ABOUT_RETURN_TYPE = YES_ERROR;
				GCC_WARN_UNDECLARED_SELECTOR = YES;
				GCC_WARN_UNINITIALIZED_AUTOS = YES_AGGRESSIVE;
				GCC_WARN_UNUSED_FUNCTION = YES;
				GCC_WARN_UNUSED_VARIABLE = YES;
				IPHONEOS_DEPLOYMENT_TARGET = 9.2;
				MTL_ENABLE_DEBUG_INFO = YES;
				ONLY_ACTIVE_ARCH = YES;
				SDKROOT = iphoneos;
			};
			name = Debug;
		};
		B1178EE41CA44EA500F0D799 /* Release */ = {
			isa = XCBuildConfiguration;
			buildSettings = {
				ALWAYS_SEARCH_USER_PATHS = NO;
				CLANG_CXX_LANGUAGE_STANDARD = "gnu++0x";
				CLANG_CXX_LIBRARY = "libc++";
				CLANG_ENABLE_MODULES = YES;
				CLANG_ENABLE_OBJC_ARC = YES;
				CLANG_WARN_BOOL_CONVERSION = YES;
				CLANG_WARN_CONSTANT_CONVERSION = YES;
				CLANG_WARN_DIRECT_OBJC_ISA_USAGE = YES_ERROR;
				CLANG_WARN_EMPTY_BODY = YES;
				CLANG_WARN_ENUM_CONVERSION = YES;
				CLANG_WARN_INT_CONVERSION = YES;
				CLANG_WARN_OBJC_ROOT_CLASS = YES_ERROR;
				CLANG_WARN_UNREACHABLE_CODE = YES;
				CLANG_WARN__DUPLICATE_METHOD_MATCH = YES;
				"CODE_SIGN_IDENTITY[sdk=iphoneos*]" = "iPhone Developer";
				COPY_PHASE_STRIP = NO;
				DEBUG_INFORMATION_FORMAT = "dwarf-with-dsym";
				ENABLE_NS_ASSERTIONS = NO;
				ENABLE_STRICT_OBJC_MSGSEND = YES;
				GCC_C_LANGUAGE_STANDARD = gnu99;
				GCC_NO_COMMON_BLOCKS = YES;
				GCC_WARN_64_TO_32_BIT_CONVERSION = YES;
				GCC_WARN_ABOUT_RETURN_TYPE = YES_ERROR;
				GCC_WARN_UNDECLARED_SELECTOR = YES;
				GCC_WARN_UNINITIALIZED_AUTOS = YES_AGGRESSIVE;
				GCC_WARN_UNUSED_FUNCTION = YES;
				GCC_WARN_UNUSED_VARIABLE = YES;
				IPHONEOS_DEPLOYMENT_TARGET = 9.2;
				MTL_ENABLE_DEBUG_INFO = NO;
				SDKROOT = iphoneos;
				VALIDATE_PRODUCT = YES;
			};
			name = Release;
		};
		B1178EE61CA44EA500F0D799 /* Debug */ = {
			isa = XCBuildConfiguration;
			baseConfigurationReference = A734CEA28492A35C32F3D316 /* Pods-LYZSJC.debug.xcconfig */;
			buildSettings = {
				ASSETCATALOG_COMPILER_APPICON_NAME = AppIcon;
				CODE_SIGN_IDENTITY = "iPhone Developer";
				GCC_PREFIX_HEADER = LYZSJC/Classes/Ohter/PrefixHeader.pch;
				INFOPLIST_FILE = LYZSJC/Info.plist;
				LD_RUNPATH_SEARCH_PATHS = "$(inherited) @executable_path/Frameworks";
				PRODUCT_BUNDLE_IDENTIFIER = CN.SQ.LYZSJC;
				PRODUCT_NAME = "$(TARGET_NAME)";
			};
			name = Debug;
		};
		B1178EE71CA44EA500F0D799 /* Release */ = {
			isa = XCBuildConfiguration;
			baseConfigurationReference = 841987F277890EB2B7FEBE7D /* Pods-LYZSJC.release.xcconfig */;
			buildSettings = {
				ASSETCATALOG_COMPILER_APPICON_NAME = AppIcon;
				CODE_SIGN_IDENTITY = "iPhone Developer";
				GCC_PREFIX_HEADER = LYZSJC/Classes/Ohter/PrefixHeader.pch;
				INFOPLIST_FILE = LYZSJC/Info.plist;
				LD_RUNPATH_SEARCH_PATHS = "$(inherited) @executable_path/Frameworks";
				PRODUCT_BUNDLE_IDENTIFIER = CN.SQ.LYZSJC;
				PRODUCT_NAME = "$(TARGET_NAME)";
			};
			name = Release;
		};
		B1178EE91CA44EA500F0D799 /* Debug */ = {
			isa = XCBuildConfiguration;
			buildSettings = {
				BUNDLE_LOADER = "$(TEST_HOST)";
				INFOPLIST_FILE = LYZSJCTests/Info.plist;
				LD_RUNPATH_SEARCH_PATHS = "$(inherited) @executable_path/Frameworks @loader_path/Frameworks";
				PRODUCT_BUNDLE_IDENTIFIER = CN.SQ.LYZSJCTests;
				PRODUCT_NAME = "$(TARGET_NAME)";
				TEST_HOST = "$(BUILT_PRODUCTS_DIR)/LYZSJC.app/LYZSJC";
			};
			name = Debug;
		};
		B1178EEA1CA44EA500F0D799 /* Release */ = {
			isa = XCBuildConfiguration;
			buildSettings = {
				BUNDLE_LOADER = "$(TEST_HOST)";
				INFOPLIST_FILE = LYZSJCTests/Info.plist;
				LD_RUNPATH_SEARCH_PATHS = "$(inherited) @executable_path/Frameworks @loader_path/Frameworks";
				PRODUCT_BUNDLE_IDENTIFIER = CN.SQ.LYZSJCTests;
				PRODUCT_NAME = "$(TARGET_NAME)";
				TEST_HOST = "$(BUILT_PRODUCTS_DIR)/LYZSJC.app/LYZSJC";
			};
			name = Release;
		};
		B1178EEC1CA44EA500F0D799 /* Debug */ = {
			isa = XCBuildConfiguration;
			buildSettings = {
				INFOPLIST_FILE = LYZSJCUITests/Info.plist;
				LD_RUNPATH_SEARCH_PATHS = "$(inherited) @executable_path/Frameworks @loader_path/Frameworks";
				PRODUCT_BUNDLE_IDENTIFIER = CN.SQ.LYZSJCUITests;
				PRODUCT_NAME = "$(TARGET_NAME)";
				TEST_TARGET_NAME = LYZSJC;
				USES_XCTRUNNER = YES;
			};
			name = Debug;
		};
		B1178EED1CA44EA500F0D799 /* Release */ = {
			isa = XCBuildConfiguration;
			buildSettings = {
				INFOPLIST_FILE = LYZSJCUITests/Info.plist;
				LD_RUNPATH_SEARCH_PATHS = "$(inherited) @executable_path/Frameworks @loader_path/Frameworks";
				PRODUCT_BUNDLE_IDENTIFIER = CN.SQ.LYZSJCUITests;
				PRODUCT_NAME = "$(TARGET_NAME)";
				TEST_TARGET_NAME = LYZSJC;
				USES_XCTRUNNER = YES;
			};
			name = Release;
		};
/* End XCBuildConfiguration section */

/* Begin XCConfigurationList section */
		B1178EB31CA44EA400F0D799 /* Build configuration list for PBXProject "LYZSJC" */ = {
			isa = XCConfigurationList;
			buildConfigurations = (
				B1178EE31CA44EA500F0D799 /* Debug */,
				B1178EE41CA44EA500F0D799 /* Release */,
			);
			defaultConfigurationIsVisible = 0;
			defaultConfigurationName = Release;
		};
		B1178EE51CA44EA500F0D799 /* Build configuration list for PBXNativeTarget "LYZSJC" */ = {
			isa = XCConfigurationList;
			buildConfigurations = (
				B1178EE61CA44EA500F0D799 /* Debug */,
				B1178EE71CA44EA500F0D799 /* Release */,
			);
			defaultConfigurationIsVisible = 0;
			defaultConfigurationName = Release;
		};
		B1178EE81CA44EA500F0D799 /* Build configuration list for PBXNativeTarget "LYZSJCTests" */ = {
			isa = XCConfigurationList;
			buildConfigurations = (
				B1178EE91CA44EA500F0D799 /* Debug */,
				B1178EEA1CA44EA500F0D799 /* Release */,
			);
			defaultConfigurationIsVisible = 0;
			defaultConfigurationName = Release;
		};
		B1178EEB1CA44EA500F0D799 /* Build configuration list for PBXNativeTarget "LYZSJCUITests" */ = {
			isa = XCConfigurationList;
			buildConfigurations = (
				B1178EEC1CA44EA500F0D799 /* Debug */,
				B1178EED1CA44EA500F0D799 /* Release */,
			);
			defaultConfigurationIsVisible = 0;
			defaultConfigurationName = Release;
		};
/* End XCConfigurationList section */
	};
	rootObject = B1178EB01CA44EA400F0D799 /* Project object */;
}
